// !$*UTF8*$!
{
	archiveVersion = 1;
	classes = {
	};
	objectVersion = 56;
	objects = {

/* Begin PBXBuildFile section */
		32009B3D29FD42C200D4296E /* BudgetBuddyApp.swift in Sources */ = {isa = PBXBuildFile; fileRef = 32009B3C29FD42C200D4296E /* BudgetBuddyApp.swift */; };
		32009B3F29FD42C200D4296E /* ContentView.swift in Sources */ = {isa = PBXBuildFile; fileRef = 32009B3E29FD42C200D4296E /* ContentView.swift */; };
		32009B4129FD42C300D4296E /* Assets.xcassets in Resources */ = {isa = PBXBuildFile; fileRef = 32009B4029FD42C300D4296E /* Assets.xcassets */; };
		32009B4429FD42C300D4296E /* Preview Assets.xcassets in Resources */ = {isa = PBXBuildFile; fileRef = 32009B4329FD42C300D4296E /* Preview Assets.xcassets */; };
		32009B4E29FD42FC00D4296E /* MainScreen.swift in Sources */ = {isa = PBXBuildFile; fileRef = 32009B4D29FD42FC00D4296E /* MainScreen.swift */; };
		32009B5029FD431000D4296E /* AddNewActivity.swift in Sources */ = {isa = PBXBuildFile; fileRef = 32009B4F29FD431000D4296E /* AddNewActivity.swift */; };
		32009B5229FD432600D4296E /* EditActivity.swift in Sources */ = {isa = PBXBuildFile; fileRef = 32009B5129FD432600D4296E /* EditActivity.swift */; };
		32009B5429FD434000D4296E /* Settings.swift in Sources */ = {isa = PBXBuildFile; fileRef = 32009B5329FD434000D4296E /* Settings.swift */; };
		32009B5629FD435100D4296E /* Anzeige.swift in Sources */ = {isa = PBXBuildFile; fileRef = 32009B5529FD435100D4296E /* Anzeige.swift */; };
		32009B5829FD436200D4296E /* AnalyseScreen.swift in Sources */ = {isa = PBXBuildFile; fileRef = 32009B5729FD436200D4296E /* AnalyseScreen.swift */; };
		32009B5A29FD448900D4296E /* PieChart.swift in Sources */ = {isa = PBXBuildFile; fileRef = 32009B5929FD448900D4296E /* PieChart.swift */; };
		324C129729FEEC6D001A6A4D /* LimitAnalyse.swift in Sources */ = {isa = PBXBuildFile; fileRef = 324C129629FEEC6D001A6A4D /* LimitAnalyse.swift */; };
		32817A0D2A001DE400C6A8B0 /* RegistrationView.swift in Sources */ = {isa = PBXBuildFile; fileRef = 32817A0C2A001DE400C6A8B0 /* RegistrationView.swift */; };
		32BBCBA72A0ABB52008E1CE7 /* Buddy.swift in Sources */ = {isa = PBXBuildFile; fileRef = 32BBCBA62A0ABB52008E1CE7 /* Buddy.swift */; };
		32CD42D129FEBBD500B1AD77 /* Limit.swift in Sources */ = {isa = PBXBuildFile; fileRef = 32CD42D029FEBBD500B1AD77 /* Limit.swift */; };
/* End PBXBuildFile section */

/* Begin PBXFileReference section */
		32009B3929FD42C200D4296E /* BudgetBuddy.app */ = {isa = PBXFileReference; explicitFileType = wrapper.application; includeInIndex = 0; path = BudgetBuddy.app; sourceTree = BUILT_PRODUCTS_DIR; };
		32009B3C29FD42C200D4296E /* BudgetBuddyApp.swift */ = {isa = PBXFileReference; lastKnownFileType = sourcecode.swift; path = BudgetBuddyApp.swift; sourceTree = "<group>"; };
		32009B3E29FD42C200D4296E /* ContentView.swift */ = {isa = PBXFileReference; lastKnownFileType = sourcecode.swift; path = ContentView.swift; sourceTree = "<group>"; };
		32009B4029FD42C300D4296E /* Assets.xcassets */ = {isa = PBXFileReference; lastKnownFileType = folder.assetcatalog; path = Assets.xcassets; sourceTree = "<group>"; };
		32009B4329FD42C300D4296E /* Preview Assets.xcassets */ = {isa = PBXFileReference; lastKnownFileType = folder.assetcatalog; path = "Preview Assets.xcassets"; sourceTree = "<group>"; };
		32009B4D29FD42FC00D4296E /* MainScreen.swift */ = {isa = PBXFileReference; lastKnownFileType = sourcecode.swift; path = MainScreen.swift; sourceTree = "<group>"; };
		32009B4F29FD431000D4296E /* AddNewActivity.swift */ = {isa = PBXFileReference; lastKnownFileType = sourcecode.swift; path = AddNewActivity.swift; sourceTree = "<group>"; };
		32009B5129FD432600D4296E /* EditActivity.swift */ = {isa = PBXFileReference; lastKnownFileType = sourcecode.swift; path = EditActivity.swift; sourceTree = "<group>"; };
		32009B5329FD434000D4296E /* Settings.swift */ = {isa = PBXFileReference; lastKnownFileType = sourcecode.swift; path = Settings.swift; sourceTree = "<group>"; };
		32009B5529FD435100D4296E /* Anzeige.swift */ = {isa = PBXFileReference; lastKnownFileType = sourcecode.swift; path = Anzeige.swift; sourceTree = "<group>"; };
		32009B5729FD436200D4296E /* AnalyseScreen.swift */ = {isa = PBXFileReference; lastKnownFileType = sourcecode.swift; path = AnalyseScreen.swift; sourceTree = "<group>"; };
		32009B5929FD448900D4296E /* PieChart.swift */ = {isa = PBXFileReference; lastKnownFileType = sourcecode.swift; path = PieChart.swift; sourceTree = "<group>"; };
		324C129629FEEC6D001A6A4D /* LimitAnalyse.swift */ = {isa = PBXFileReference; lastKnownFileType = sourcecode.swift; path = LimitAnalyse.swift; sourceTree = "<group>"; };
		32817A0C2A001DE400C6A8B0 /* RegistrationView.swift */ = {isa = PBXFileReference; lastKnownFileType = sourcecode.swift; path = RegistrationView.swift; sourceTree = "<group>"; };
		32BBCBA62A0ABB52008E1CE7 /* Buddy.swift */ = {isa = PBXFileReference; lastKnownFileType = sourcecode.swift; path = Buddy.swift; sourceTree = "<group>"; };
		32CD42D029FEBBD500B1AD77 /* Limit.swift */ = {isa = PBXFileReference; lastKnownFileType = sourcecode.swift; path = Limit.swift; sourceTree = "<group>"; };
/* End PBXFileReference section */

/* Begin PBXFrameworksBuildPhase section */
		32009B3629FD42C200D4296E /* Frameworks */ = {
			isa = PBXFrameworksBuildPhase;
			buildActionMask = 2147483647;
			files = (
			);
			runOnlyForDeploymentPostprocessing = 0;
		};
/* End PBXFrameworksBuildPhase section */

/* Begin PBXGroup section */
		32009B3029FD42C200D4296E = {
			isa = PBXGroup;
			children = (
				32009B3B29FD42C200D4296E /* BudgetBuddy */,
				32009B3A29FD42C200D4296E /* Products */,
			);
			sourceTree = "<group>";
		};
		32009B3A29FD42C200D4296E /* Products */ = {
			isa = PBXGroup;
			children = (
				32009B3929FD42C200D4296E /* BudgetBuddy.app */,
			);
			name = Products;
			sourceTree = "<group>";
		};
		32009B3B29FD42C200D4296E /* BudgetBuddy */ = {
			isa = PBXGroup;
			children = (
				32009B3C29FD42C200D4296E /* BudgetBuddyApp.swift */,
				32009B3E29FD42C200D4296E /* ContentView.swift */,
				32009B4029FD42C300D4296E /* Assets.xcassets */,
				32009B4229FD42C300D4296E /* Preview Content */,
				32009B4D29FD42FC00D4296E /* MainScreen.swift */,
				32009B4F29FD431000D4296E /* AddNewActivity.swift */,
				32009B5129FD432600D4296E /* EditActivity.swift */,
				32009B5329FD434000D4296E /* Settings.swift */,
				32009B5529FD435100D4296E /* Anzeige.swift */,
				32009B5729FD436200D4296E /* AnalyseScreen.swift */,
				32009B5929FD448900D4296E /* PieChart.swift */,
				32CD42D029FEBBD500B1AD77 /* Limit.swift */,
				324C129629FEEC6D001A6A4D /* LimitAnalyse.swift */,
				32817A0C2A001DE400C6A8B0 /* RegistrationView.swift */,
				32BBCBA62A0ABB52008E1CE7 /* Buddy.swift */,
			);
			path = BudgetBuddy;
			sourceTree = "<group>";
		};
		32009B4229FD42C300D4296E /* Preview Content */ = {
			isa = PBXGroup;
			children = (
				32009B4329FD42C300D4296E /* Preview Assets.xcassets */,
			);
			path = "Preview Content";
			sourceTree = "<group>";
		};
/* End PBXGroup section */

/* Begin PBXNativeTarget section */
		32009B3829FD42C200D4296E /* BudgetBuddy */ = {
			isa = PBXNativeTarget;
			buildConfigurationList = 32009B4729FD42C300D4296E /* Build configuration list for PBXNativeTarget "BudgetBuddy" */;
			buildPhases = (
				32009B3529FD42C200D4296E /* Sources */,
				32009B3629FD42C200D4296E /* Frameworks */,
				32009B3729FD42C200D4296E /* Resources */,
			);
			buildRules = (
			);
			dependencies = (
			);
			name = BudgetBuddy;
			productName = BudgetBuddy;
			productReference = 32009B3929FD42C200D4296E /* BudgetBuddy.app */;
			productType = "com.apple.product-type.application";
		};
/* End PBXNativeTarget section */

/* Begin PBXProject section */
		32009B3129FD42C200D4296E /* Project object */ = {
			isa = PBXProject;
			attributes = {
				BuildIndependentTargetsInParallel = 1;
				LastSwiftUpdateCheck = 1430;
				LastUpgradeCheck = 1430;
				TargetAttributes = {
					32009B3829FD42C200D4296E = {
						CreatedOnToolsVersion = 14.3;
					};
				};
			};
			buildConfigurationList = 32009B3429FD42C200D4296E /* Build configuration list for PBXProject "BudgetBuddy" */;
			compatibilityVersion = "Xcode 14.0";
			developmentRegion = en;
			hasScannedForEncodings = 0;
			knownRegions = (
				en,
				Base,
			);
			mainGroup = 32009B3029FD42C200D4296E;
			productRefGroup = 32009B3A29FD42C200D4296E /* Products */;
			projectDirPath = "";
			projectRoot = "";
			targets = (
				32009B3829FD42C200D4296E /* BudgetBuddy */,
			);
		};
/* End PBXProject section */

/* Begin PBXResourcesBuildPhase section */
		32009B3729FD42C200D4296E /* Resources */ = {
			isa = PBXResourcesBuildPhase;
			buildActionMask = 2147483647;
			files = (
				32009B4429FD42C300D4296E /* Preview Assets.xcassets in Resources */,
				32009B4129FD42C300D4296E /* Assets.xcassets in Resources */,
			);
			runOnlyForDeploymentPostprocessing = 0;
		};
/* End PBXResourcesBuildPhase section */

/* Begin PBXSourcesBuildPhase section */
		32009B3529FD42C200D4296E /* Sources */ = {
			isa = PBXSourcesBuildPhase;
			buildActionMask = 2147483647;
			files = (
				32009B4E29FD42FC00D4296E /* MainScreen.swift in Sources */,
				324C129729FEEC6D001A6A4D /* LimitAnalyse.swift in Sources */,
				32009B5429FD434000D4296E /* Settings.swift in Sources */,
				32817A0D2A001DE400C6A8B0 /* RegistrationView.swift in Sources */,
				32009B5829FD436200D4296E /* AnalyseScreen.swift in Sources */,
				32CD42D129FEBBD500B1AD77 /* Limit.swift in Sources */,
				32009B3F29FD42C200D4296E /* ContentView.swift in Sources */,
				32009B3D29FD42C200D4296E /* BudgetBuddyApp.swift in Sources */,
				32009B5229FD432600D4296E /* EditActivity.swift in Sources */,
				32BBCBA72A0ABB52008E1CE7 /* Buddy.swift in Sources */,
				32009B5629FD435100D4296E /* Anzeige.swift in Sources */,
				32009B5029FD431000D4296E /* AddNewActivity.swift in Sources */,
				32009B5A29FD448900D4296E /* PieChart.swift in Sources */,
			);
			runOnlyForDeploymentPostprocessing = 0;
		};
/* End PBXSourcesBuildPhase section */

/* Begin XCBuildConfiguration section */
		32009B4529FD42C300D4296E /* Debug */ = {
			isa = XCBuildConfiguration;
			buildSettings = {
				ALWAYS_SEARCH_USER_PATHS = NO;
				CLANG_ANALYZER_NONNULL = YES;
				CLANG_ANALYZER_NUMBER_OBJECT_CONVERSION = YES_AGGRESSIVE;
				CLANG_CXX_LANGUAGE_STANDARD = "gnu++20";
				CLANG_ENABLE_MODULES = YES;
				CLANG_ENABLE_OBJC_ARC = YES;
				CLANG_ENABLE_OBJC_WEAK = YES;
				CLANG_WARN_BLOCK_CAPTURE_AUTORELEASING = YES;
				CLANG_WARN_BOOL_CONVERSION = YES;
				CLANG_WARN_COMMA = YES;
				CLANG_WARN_CONSTANT_CONVERSION = YES;
				CLANG_WARN_DEPRECATED_OBJC_IMPLEMENTATIONS = YES;
				CLANG_WARN_DIRECT_OBJC_ISA_USAGE = YES_ERROR;
				CLANG_WARN_DOCUMENTATION_COMMENTS = YES;
				CLANG_WARN_EMPTY_BODY = YES;
				CLANG_WARN_ENUM_CONVERSION = YES;
				CLANG_WARN_INFINITE_RECURSION = YES;
				CLANG_WARN_INT_CONVERSION = YES;
				CLANG_WARN_NON_LITERAL_NULL_CONVERSION = YES;
				CLANG_WARN_OBJC_IMPLICIT_RETAIN_SELF = YES;
				CLANG_WARN_OBJC_LITERAL_CONVERSION = YES;
				CLANG_WARN_OBJC_ROOT_CLASS = YES_ERROR;
				CLANG_WARN_QUOTED_INCLUDE_IN_FRAMEWORK_HEADER = YES;
				CLANG_WARN_RANGE_LOOP_ANALYSIS = YES;
				CLANG_WARN_STRICT_PROTOTYPES = YES;
				CLANG_WARN_SUSPICIOUS_MOVE = YES;
				CLANG_WARN_UNGUARDED_AVAILABILITY = YES_AGGRESSIVE;
				CLANG_WARN_UNREACHABLE_CODE = YES;
				CLANG_WARN__DUPLICATE_METHOD_MATCH = YES;
				COPY_PHASE_STRIP = NO;
				DEBUG_INFORMATION_FORMAT = dwarf;
				ENABLE_STRICT_OBJC_MSGSEND = YES;
				ENABLE_TESTABILITY = YES;
				GCC_C_LANGUAGE_STANDARD = gnu11;
				GCC_DYNAMIC_NO_PIC = NO;
				GCC_NO_COMMON_BLOCKS = YES;
				GCC_OPTIMIZATION_LEVEL = 0;
				GCC_PREPROCESSOR_DEFINITIONS = (
					"DEBUG=1",
					"$(inherited)",
				);
				GCC_WARN_64_TO_32_BIT_CONVERSION = YES;
				GCC_WARN_ABOUT_RETURN_TYPE = YES_ERROR;
				GCC_WARN_UNDECLARED_SELECTOR = YES;
				GCC_WARN_UNINITIALIZED_AUTOS = YES_AGGRESSIVE;
				GCC_WARN_UNUSED_FUNCTION = YES;
				GCC_WARN_UNUSED_VARIABLE = YES;
				IPHONEOS_DEPLOYMENT_TARGET = 16.4;
				MTL_ENABLE_DEBUG_INFO = INCLUDE_SOURCE;
				MTL_FAST_MATH = YES;
				ONLY_ACTIVE_ARCH = YES;
				SDKROOT = iphoneos;
				SWIFT_ACTIVE_COMPILATION_CONDITIONS = DEBUG;
				SWIFT_OPTIMIZATION_LEVEL = "-Onone";
			};
			name = Debug;
		};
		32009B4629FD42C300D4296E /* Release */ = {
			isa = XCBuildConfiguration;
			buildSettings = {
				ALWAYS_SEARCH_USER_PATHS = NO;
				CLANG_ANALYZER_NONNULL = YES;
				CLANG_ANALYZER_NUMBER_OBJECT_CONVERSION = YES_AGGRESSIVE;
				CLANG_CXX_LANGUAGE_STANDARD = "gnu++20";
				CLANG_ENABLE_MODULES = YES;
				CLANG_ENABLE_OBJC_ARC = YES;
				CLANG_ENABLE_OBJC_WEAK = YES;
				CLANG_WARN_BLOCK_CAPTURE_AUTORELEASING = YES;
				CLANG_WARN_BOOL_CONVERSION = YES;
				CLANG_WARN_COMMA = YES;
				CLANG_WARN_CONSTANT_CONVERSION = YES;
				CLANG_WARN_DEPRECATED_OBJC_IMPLEMENTATIONS = YES;
				CLANG_WARN_DIRECT_OBJC_ISA_USAGE = YES_ERROR;
				CLANG_WARN_DOCUMENTATION_COMMENTS = YES;
				CLANG_WARN_EMPTY_BODY = YES;
				CLANG_WARN_ENUM_CONVERSION = YES;
				CLANG_WARN_INFINITE_RECURSION = YES;
				CLANG_WARN_INT_CONVERSION = YES;
				CLANG_WARN_NON_LITERAL_NULL_CONVERSION = YES;
				CLANG_WARN_OBJC_IMPLICIT_RETAIN_SELF = YES;
				CLANG_WARN_OBJC_LITERAL_CONVERSION = YES;
				CLANG_WARN_OBJC_ROOT_CLASS = YES_ERROR;
				CLANG_WARN_QUOTED_INCLUDE_IN_FRAMEWORK_HEADER = YES;
				CLANG_WARN_RANGE_LOOP_ANALYSIS = YES;
				CLANG_WARN_STRICT_PROTOTYPES = YES;
				CLANG_WARN_SUSPICIOUS_MOVE = YES;
				CLANG_WARN_UNGUARDED_AVAILABILITY = YES_AGGRESSIVE;
				CLANG_WARN_UNREACHABLE_CODE = YES;
				CLANG_WARN__DUPLICATE_METHOD_MATCH = YES;
				COPY_PHASE_STRIP = NO;
				DEBUG_INFORMATION_FORMAT = "dwarf-with-dsym";
				ENABLE_NS_ASSERTIONS = NO;
				ENABLE_STRICT_OBJC_MSGSEND = YES;
				GCC_C_LANGUAGE_STANDARD = gnu11;
				GCC_NO_COMMON_BLOCKS = YES;
				GCC_WARN_64_TO_32_BIT_CONVERSION = YES;
				GCC_WARN_ABOUT_RETURN_TYPE = YES_ERROR;
				GCC_WARN_UNDECLARED_SELECTOR = YES;
				GCC_WARN_UNINITIALIZED_AUTOS = YES_AGGRESSIVE;
				GCC_WARN_UNUSED_FUNCTION = YES;
				GCC_WARN_UNUSED_VARIABLE = YES;
				IPHONEOS_DEPLOYMENT_TARGET = 16.4;
				MTL_ENABLE_DEBUG_INFO = NO;
				MTL_FAST_MATH = YES;
				SDKROOT = iphoneos;
				SWIFT_COMPILATION_MODE = wholemodule;
				SWIFT_OPTIMIZATION_LEVEL = "-O";
				VALIDATE_PRODUCT = YES;
			};
			name = Release;
		};
		32009B4829FD42C300D4296E /* Debug */ = {
			isa = XCBuildConfiguration;
			buildSettings = {
				ASSETCATALOG_COMPILER_APPICON_NAME = AppIcon;
				ASSETCATALOG_COMPILER_GLOBAL_ACCENT_COLOR_NAME = AccentColor;
				CODE_SIGN_STYLE = Automatic;
				CURRENT_PROJECT_VERSION = 1;
				DEVELOPMENT_ASSET_PATHS = "\"BudgetBuddy/Preview Content\"";
				DEVELOPMENT_TEAM = 6CL9P3N483;
				ENABLE_PREVIEWS = YES;
				GENERATE_INFOPLIST_FILE = YES;
				INFOPLIST_KEY_UIApplicationSceneManifest_Generation = YES;
				INFOPLIST_KEY_UIApplicationSupportsIndirectInputEvents = YES;
				INFOPLIST_KEY_UILaunchScreen_Generation = YES;
				INFOPLIST_KEY_UISupportedInterfaceOrientations_iPad = "UIInterfaceOrientationPortrait UIInterfaceOrientationPortraitUpsideDown UIInterfaceOrientationLandscapeLeft UIInterfaceOrientationLandscapeRight";
				INFOPLIST_KEY_UISupportedInterfaceOrientations_iPhone = "UIInterfaceOrientationPortrait UIInterfaceOrientationLandscapeLeft UIInterfaceOrientationLandscapeRight";
				IPHONEOS_DEPLOYMENT_TARGET = 16.4;
				LD_RUNPATH_SEARCH_PATHS = (
					"$(inherited)",
					"@executable_path/Frameworks",
				);
				MARKETING_VERSION = 1.0;
				PRODUCT_BUNDLE_IDENTIFIER = Daniel.BudgetBuddy;
				PRODUCT_NAME = "$(TARGET_NAME)";
				SWIFT_EMIT_LOC_STRINGS = YES;
				SWIFT_VERSION = 5.0;
				TARGETED_DEVICE_FAMILY = "1,2";
			};
			name = Debug;
		};
		32009B4929FD42C300D4296E /* Release */ = {
			isa = XCBuildConfiguration;
			buildSettings = {
				ASSETCATALOG_COMPILER_APPICON_NAME = AppIcon;
				ASSETCATALOG_COMPILER_GLOBAL_ACCENT_COLOR_NAME = AccentColor;
				CODE_SIGN_STYLE = Automatic;
				CURRENT_PROJECT_VERSION = 1;
				DEVELOPMENT_ASSET_PATHS = "\"BudgetBuddy/Preview Content\"";
				DEVELOPMENT_TEAM = 6CL9P3N483;
				ENABLE_PREVIEWS = YES;
				GENERATE_INFOPLIST_FILE = YES;
				INFOPLIST_KEY_UIApplicationSceneManifest_Generation = YES;
				INFOPLIST_KEY_UIApplicationSupportsIndirectInputEvents = YES;
				INFOPLIST_KEY_UILaunchScreen_Generation = YES;
				INFOPLIST_KEY_UISupportedInterfaceOrientations_iPad = "UIInterfaceOrientationPortrait UIInterfaceOrientationPortraitUpsideDown UIInterfaceOrientationLandscapeLeft UIInterfaceOrientationLandscapeRight";
				INFOPLIST_KEY_UISupportedInterfaceOrientations_iPhone = "UIInterfaceOrientationPortrait UIInterfaceOrientationLandscapeLeft UIInterfaceOrientationLandscapeRight";
				IPHONEOS_DEPLOYMENT_TARGET = 16.4;
				LD_RUNPATH_SEARCH_PATHS = (
					"$(inherited)",
					"@executable_path/Frameworks",
				);
				MARKETING_VERSION = 1.0;
				PRODUCT_BUNDLE_IDENTIFIER = Daniel.BudgetBuddy;
				PRODUCT_NAME = "$(TARGET_NAME)";
				SWIFT_EMIT_LOC_STRINGS = YES;
				SWIFT_VERSION = 5.0;
				TARGETED_DEVICE_FAMILY = "1,2";
			};
			name = Release;
		};
/* End XCBuildConfiguration section */

/* Begin XCConfigurationList section */
		32009B3429FD42C200D4296E /* Build configuration list for PBXProject "BudgetBuddy" */ = {
			isa = XCConfigurationList;
			buildConfigurations = (
				32009B4529FD42C300D4296E /* Debug */,
				32009B4629FD42C300D4296E /* Release */,
			);
			defaultConfigurationIsVisible = 0;
			defaultConfigurationName = Release;
		};
		32009B4729FD42C300D4296E /* Build configuration list for PBXNativeTarget "BudgetBuddy" */ = {
			isa = XCConfigurationList;
			buildConfigurations = (
				32009B4829FD42C300D4296E /* Debug */,
				32009B4929FD42C300D4296E /* Release */,
			);
			defaultConfigurationIsVisible = 0;
			defaultConfigurationName = Release;
		};
/* End XCConfigurationList section */
	};
	rootObject = 32009B3129FD42C200D4296E /* Project object */;
}
